
Microsoft Visual Studio Solution File, Format Version 12.00
# Visual Studio Version 17
VisualStudioVersion = 17.10.35122.118
MinimumVisualStudioVersion = 10.0.40219.1
Project("{2150E333-8FDC-42A3-9474-1A3956D46DE8}") = "FrontEnd", "FrontEnd", "{FD8BEC36-5E64-4958-A9BC-86252492F991}"
EndProject
Project("{2150E333-8FDC-42A3-9474-1A3956D46DE8}") = "Gateway", "Gateway", "{9E94139E-712A-4F38-A11B-49C48EE454E8}"
EndProject
Project("{2150E333-8FDC-42A3-9474-1A3956D46DE8}") = "Integration", "Integration", "{69EF95DD-41A2-4EBF-A2CE-7B80690AB075}"
EndProject
Project("{2150E333-8FDC-42A3-9474-1A3956D46DE8}") = "Services", "Services", "{D09ACF0E-CF01-4D88-9D7F-553BD8ED54EF}"
EndProject
Project("{9A19103F-16F7-4668-BE54-9A1E7A4F7556}") = "Mango.Services.CouponAPI", "Mango.Services.CouponAPI\Mango.Services.CouponAPI.csproj", "{F09F87E6-8AE7-42F3-9AFC-D9A2F0B9BE86}"
EndProject
Project("{FAE04EC0-301F-11D3-BF4B-00C04F79EFBC}") = "Mango.Web", "Mango.Web\Mango.Web.csproj", "{1E5FA9FC-75C8-4AF8-86F9-AF578B7FF13B}"
EndProject
Global
	GlobalSection(SolutionConfigurationPlatforms) = preSolution
		Debug|Any CPU = Debug|Any CPU
		Release|Any CPU = Release|Any CPU
	EndGlobalSection
	GlobalSection(ProjectConfigurationPlatforms) = postSolution
		{F09F87E6-8AE7-42F3-9AFC-D9A2F0B9BE86}.Debug|Any CPU.ActiveCfg = Debug|Any CPU
		{F09F87E6-8AE7-42F3-9AFC-D9A2F0B9BE86}.Debug|Any CPU.Build.0 = Debug|Any CPU
		{F09F87E6-8AE7-42F3-9AFC-D9A2F0B9BE86}.Release|Any CPU.ActiveCfg = Release|Any CPU
		{F09F87E6-8AE7-42F3-9AFC-D9A2F0B9BE86}.Release|Any CPU.Build.0 = Release|Any CPU
		{1E5FA9FC-75C8-4AF8-86F9-AF578B7FF13B}.Debug|Any CPU.ActiveCfg = Debug|Any CPU
		{1E5FA9FC-75C8-4AF8-86F9-AF578B7FF13B}.Debug|Any CPU.Build.0 = Debug|Any CPU
		{1E5FA9FC-75C8-4AF8-86F9-AF578B7FF13B}.Release|Any CPU.ActiveCfg = Release|Any CPU
		{1E5FA9FC-75C8-4AF8-86F9-AF578B7FF13B}.Release|Any CPU.Build.0 = Release|Any CPU
	EndGlobalSection
	GlobalSection(SolutionProperties) = preSolution
		HideSolutionNode = FALSE
	EndGlobalSection
	GlobalSection(NestedProjects) = preSolution
		{F09F87E6-8AE7-42F3-9AFC-D9A2F0B9BE86} = {D09ACF0E-CF01-4D88-9D7F-553BD8ED54EF}
		{1E5FA9FC-75C8-4AF8-86F9-AF578B7FF13B} = {FD8BEC36-5E64-4958-A9BC-86252492F991}
	EndGlobalSection
	GlobalSection(ExtensibilityGlobals) = postSolution
		SolutionGuid = {282140B1-3995-47E7-AD7E-DBCD75AC7EDA}
	EndGlobalSection
EndGlobal
